
Microsoft Visual Studio Solution File, Format Version 12.00
# Visual Studio 15
Project("{FAE04EC0-301F-11D3-BF4B-00C04F79EFBC}") = "EquityOrderComponent", "EquityOrderComponent\EquityOrderComponent.csproj", "{9D03A9BD-E239-4BD5-9674-D4AF05D0A3BE}"
EndProject
Global
	GlobalSection(SolutionConfigurationPlatforms) = preSolution
		Debug|Any CPU = Debug|Any CPU
		Release|Any CPU = Release|Any CPU
	EndGlobalSection
	GlobalSection(ProjectConfigurationPlatforms) = postSolution
		{9D03A9BD-E239-4BD5-9674-D4AF05D0A3BE}.Debug|Any CPU.ActiveCfg = Debug|Any CPU
		{9D03A9BD-E239-4BD5-9674-D4AF05D0A3BE}.Debug|Any CPU.Build.0 = Debug|Any CPU
		{9D03A9BD-E239-4BD5-9674-D4AF05D0A3BE}.Release|Any CPU.ActiveCfg = Release|Any CPU
		{9D03A9BD-E239-4BD5-9674-D4AF05D0A3BE}.Release|Any CPU.Build.0 = Release|Any CPU
	EndGlobalSection
EndGlobal
